
Microsoft Visual Studio Solution File, Format Version 12.00
# Visual Studio Version 17
VisualStudioVersion = 17.0.32014.148
MinimumVisualStudioVersion = 10.0.40219.1
Project("{FAE04EC0-301F-11D3-BF4B-00C04F79EFBC}") = "FilesToAzure", "FilesToAzure\FilesToAzure.csproj", "{32444A00-3E62-4541-B725-46CFA4EC3A8B}"
EndProject
Global
	GlobalSection(SolutionConfigurationPlatforms) = preSolution
		Debug|Any CPU = Debug|Any CPU
		Release|Any CPU = Release|Any CPU
	EndGlobalSection
	GlobalSection(ProjectConfigurationPlatforms) = postSolution
		{32444A00-3E62-4541-B725-46CFA4EC3A8B}.Debug|Any CPU.ActiveCfg = Debug|Any CPU
		{32444A00-3E62-4541-B725-46CFA4EC3A8B}.Debug|Any CPU.Build.0 = Debug|Any CPU
		{32444A00-3E62-4541-B725-46CFA4EC3A8B}.Release|Any CPU.ActiveCfg = Release|Any CPU
		{32444A00-3E62-4541-B725-46CFA4EC3A8B}.Release|Any CPU.Build.0 = Release|Any CPU
	EndGlobalSection
	GlobalSection(SolutionProperties) = preSolution
		HideSolutionNode = FALSE
	EndGlobalSection
	GlobalSection(ExtensibilityGlobals) = postSolution
		SolutionGuid = {02CC018A-1658-40B5-BE00-0AC2AB4A8F58}
	EndGlobalSection
EndGlobal
